
Microsoft Visual Studio Solution File, Format Version 12.00
# Visual Studio Version 17
VisualStudioVersion = 17.14.36203.30
MinimumVisualStudioVersion = 10.0.40219.1
Project("{FAE04EC0-301F-11D3-BF4B-00C04F79EFBC}") = "OrderManagement.API", "OrderManagement.API.csproj", "{8126F321-7696-4F57-9A7E-FCA42C3D3448}"
EndProject
Project("{FAE04EC0-301F-11D3-BF4B-00C04F79EFBC}") = "OrderManagement.Tests", "..\OrderManagement.Tests\OrderManagement.Tests.csproj", "{C4023D05-0A0F-4315-9987-05E0173E81D6}"
EndProject
Global
	GlobalSection(SolutionConfigurationPlatforms) = preSolution
		Debug|Any CPU = Debug|Any CPU
		Release|Any CPU = Release|Any CPU
	EndGlobalSection
	GlobalSection(ProjectConfigurationPlatforms) = postSolution
		{8126F321-7696-4F57-9A7E-FCA42C3D3448}.Debug|Any CPU.ActiveCfg = Debug|Any CPU
		{8126F321-7696-4F57-9A7E-FCA42C3D3448}.Debug|Any CPU.Build.0 = Debug|Any CPU
		{8126F321-7696-4F57-9A7E-FCA42C3D3448}.Release|Any CPU.ActiveCfg = Release|Any CPU
		{8126F321-7696-4F57-9A7E-FCA42C3D3448}.Release|Any CPU.Build.0 = Release|Any CPU
		{C4023D05-0A0F-4315-9987-05E0173E81D6}.Debug|Any CPU.ActiveCfg = Debug|Any CPU
		{C4023D05-0A0F-4315-9987-05E0173E81D6}.Debug|Any CPU.Build.0 = Debug|Any CPU
		{C4023D05-0A0F-4315-9987-05E0173E81D6}.Release|Any CPU.ActiveCfg = Release|Any CPU
		{C4023D05-0A0F-4315-9987-05E0173E81D6}.Release|Any CPU.Build.0 = Release|Any CPU
	EndGlobalSection
	GlobalSection(SolutionProperties) = preSolution
		HideSolutionNode = FALSE
	EndGlobalSection
	GlobalSection(ExtensibilityGlobals) = postSolution
		SolutionGuid = {FD545E42-6B9C-4781-B432-A7D7DE9C841B}
	EndGlobalSection
EndGlobal
